{
  "name": "starter-restaurant-reservation",
  "version": "1.0.0",
  "lockfileVersion": 2,
  "requires": true,
  "packages": {
    "": {
      "name": "starter-restaurant-reservation",
      "version": "1.0.0",
      "hasInstallScript": true,
      "license": "UNLICENSED",
      "dependencies": {
        "starter-restaurant-reservation": "file:"
      }
    },
    "node_modules/starter-restaurant-reservation": {
      "resolved": "",
      "link": true
    }
  },
  "dependencies": {
    "starter-restaurant-reservation": {
      "version": "file:",
      "requires": {
        "starter-restaurant-reservation": "file:"
      }
    }
  }
}
